
Microsoft Visual Studio Solution File, Format Version 12.00
# Visual Studio Version 17
VisualStudioVersion = 17.8.34330.188
MinimumVisualStudioVersion = 10.0.40219.1
Project("{FAE04EC0-301F-11D3-BF4B-00C04F79EFBC}") = "AntonioWeb", "AntonioWeb\AntonioWeb.csproj", "{99234603-9B77-456D-9D63-45DEE8A7A6B1}"
EndProject
Global
	GlobalSection(SolutionConfigurationPlatforms) = preSolution
		Debug|Any CPU = Debug|Any CPU
		Release|Any CPU = Release|Any CPU
	EndGlobalSection
	GlobalSection(ProjectConfigurationPlatforms) = postSolution
		{99234603-9B77-456D-9D63-45DEE8A7A6B1}.Debug|Any CPU.ActiveCfg = Debug|Any CPU
		{99234603-9B77-456D-9D63-45DEE8A7A6B1}.Debug|Any CPU.Build.0 = Debug|Any CPU
		{99234603-9B77-456D-9D63-45DEE8A7A6B1}.Release|Any CPU.ActiveCfg = Release|Any CPU
		{99234603-9B77-456D-9D63-45DEE8A7A6B1}.Release|Any CPU.Build.0 = Release|Any CPU
	EndGlobalSection
	GlobalSection(SolutionProperties) = preSolution
		HideSolutionNode = FALSE
	EndGlobalSection
	GlobalSection(ExtensibilityGlobals) = postSolution
		SolutionGuid = {3047F904-42A7-430C-9C00-BCAD39BC36B8}
	EndGlobalSection
EndGlobal
